
Microsoft Visual Studio Solution File, Format Version 12.00
# Visual Studio Version 17
VisualStudioVersion = 17.12.35707.178
MinimumVisualStudioVersion = 10.0.40219.1
Project("{8BC9CEB8-8B4A-11D0-8D11-00A0C91BC942}") = "Projectcpp", "Projectcpp.vcxproj", "{E4C177E7-BB91-4F88-86CD-C2B1B270EDAB}"
EndProject
Project("{2150E333-8FDC-42A3-9474-1A3956D46DE8}") = "CH1", "CH1", "{8EC02CA6-93CF-44D5-B4FC-AA67B31C54A6}"
EndProject
Project("{2150E333-8FDC-42A3-9474-1A3956D46DE8}") = "TOYProject", "TOYProject", "{BCFDF75B-44B0-465A-9493-511E2857484F}"
EndProject
Project("{8BC9CEB8-8B4A-11D0-8D11-00A0C91BC942}") = "toyproject 1", "..\toyproject 1\toyproject 1.vcxproj", "{0680CE69-A201-4E70-B32A-BE4A2A069A68}"
EndProject
Project("{8BC9CEB8-8B4A-11D0-8D11-00A0C91BC942}") = "ch1", "ch1\ch1.vcxproj", "{A83CB860-9BE2-41C1-A7A4-EA33893ACB90}"
EndProject
Project("{2150E333-8FDC-42A3-9474-1A3956D46DE8}") = "CH2", "CH2", "{9AF451F4-E1F3-4F0B-9B92-8A80E2EE9A9F}"
EndProject
Project("{8BC9CEB8-8B4A-11D0-8D11-00A0C91BC942}") = "ch.2", "ch.2\ch.2.vcxproj", "{3E98497D-ED76-4924-AA93-5BEB6C88A74C}"
EndProject
Project("{2150E333-8FDC-42A3-9474-1A3956D46DE8}") = "CH3", "CH3", "{B4B7B4FC-F3DC-44A0-9A55-EF244657E166}"
EndProject
Project("{8BC9CEB8-8B4A-11D0-8D11-00A0C91BC942}") = "3.CH", "..\3.CH\3.CH.vcxproj", "{4723CBE1-502A-4F29-A74D-71544390FAD4}"
EndProject
Global
	GlobalSection(SolutionConfigurationPlatforms) = preSolution
		Debug|x64 = Debug|x64
		Debug|x86 = Debug|x86
		Release|x64 = Release|x64
		Release|x86 = Release|x86
	EndGlobalSection
	GlobalSection(ProjectConfigurationPlatforms) = postSolution
		{E4C177E7-BB91-4F88-86CD-C2B1B270EDAB}.Debug|x64.ActiveCfg = Debug|x64
		{E4C177E7-BB91-4F88-86CD-C2B1B270EDAB}.Debug|x64.Build.0 = Debug|x64
		{E4C177E7-BB91-4F88-86CD-C2B1B270EDAB}.Debug|x86.ActiveCfg = Debug|Win32
		{E4C177E7-BB91-4F88-86CD-C2B1B270EDAB}.Debug|x86.Build.0 = Debug|Win32
		{E4C177E7-BB91-4F88-86CD-C2B1B270EDAB}.Release|x64.ActiveCfg = Release|x64
		{E4C177E7-BB91-4F88-86CD-C2B1B270EDAB}.Release|x64.Build.0 = Release|x64
		{E4C177E7-BB91-4F88-86CD-C2B1B270EDAB}.Release|x86.ActiveCfg = Release|Win32
		{E4C177E7-BB91-4F88-86CD-C2B1B270EDAB}.Release|x86.Build.0 = Release|Win32
		{0680CE69-A201-4E70-B32A-BE4A2A069A68}.Debug|x64.ActiveCfg = Debug|x64
		{0680CE69-A201-4E70-B32A-BE4A2A069A68}.Debug|x64.Build.0 = Debug|x64
		{0680CE69-A201-4E70-B32A-BE4A2A069A68}.Debug|x86.ActiveCfg = Debug|Win32
		{0680CE69-A201-4E70-B32A-BE4A2A069A68}.Debug|x86.Build.0 = Debug|Win32
		{0680CE69-A201-4E70-B32A-BE4A2A069A68}.Release|x64.ActiveCfg = Release|x64
		{0680CE69-A201-4E70-B32A-BE4A2A069A68}.Release|x64.Build.0 = Release|x64
		{0680CE69-A201-4E70-B32A-BE4A2A069A68}.Release|x86.ActiveCfg = Release|Win32
		{0680CE69-A201-4E70-B32A-BE4A2A069A68}.Release|x86.Build.0 = Release|Win32
		{A83CB860-9BE2-41C1-A7A4-EA33893ACB90}.Debug|x64.ActiveCfg = Debug|x64
		{A83CB860-9BE2-41C1-A7A4-EA33893ACB90}.Debug|x64.Build.0 = Debug|x64
		{A83CB860-9BE2-41C1-A7A4-EA33893ACB90}.Debug|x86.ActiveCfg = Debug|Win32
		{A83CB860-9BE2-41C1-A7A4-EA33893ACB90}.Debug|x86.Build.0 = Debug|Win32
		{A83CB860-9BE2-41C1-A7A4-EA33893ACB90}.Release|x64.ActiveCfg = Release|x64
		{A83CB860-9BE2-41C1-A7A4-EA33893ACB90}.Release|x64.Build.0 = Release|x64
		{A83CB860-9BE2-41C1-A7A4-EA33893ACB90}.Release|x86.ActiveCfg = Release|Win32
		{A83CB860-9BE2-41C1-A7A4-EA33893ACB90}.Release|x86.Build.0 = Release|Win32
		{3E98497D-ED76-4924-AA93-5BEB6C88A74C}.Debug|x64.ActiveCfg = Debug|x64
		{3E98497D-ED76-4924-AA93-5BEB6C88A74C}.Debug|x64.Build.0 = Debug|x64
		{3E98497D-ED76-4924-AA93-5BEB6C88A74C}.Debug|x86.ActiveCfg = Debug|Win32
		{3E98497D-ED76-4924-AA93-5BEB6C88A74C}.Debug|x86.Build.0 = Debug|Win32
		{3E98497D-ED76-4924-AA93-5BEB6C88A74C}.Release|x64.ActiveCfg = Release|x64
		{3E98497D-ED76-4924-AA93-5BEB6C88A74C}.Release|x64.Build.0 = Release|x64
		{3E98497D-ED76-4924-AA93-5BEB6C88A74C}.Release|x86.ActiveCfg = Release|Win32
		{3E98497D-ED76-4924-AA93-5BEB6C88A74C}.Release|x86.Build.0 = Release|Win32
		{4723CBE1-502A-4F29-A74D-71544390FAD4}.Debug|x64.ActiveCfg = Debug|x64
		{4723CBE1-502A-4F29-A74D-71544390FAD4}.Debug|x64.Build.0 = Debug|x64
		{4723CBE1-502A-4F29-A74D-71544390FAD4}.Debug|x86.ActiveCfg = Debug|Win32
		{4723CBE1-502A-4F29-A74D-71544390FAD4}.Debug|x86.Build.0 = Debug|Win32
		{4723CBE1-502A-4F29-A74D-71544390FAD4}.Release|x64.ActiveCfg = Release|x64
		{4723CBE1-502A-4F29-A74D-71544390FAD4}.Release|x64.Build.0 = Release|x64
		{4723CBE1-502A-4F29-A74D-71544390FAD4}.Release|x86.ActiveCfg = Release|Win32
		{4723CBE1-502A-4F29-A74D-71544390FAD4}.Release|x86.Build.0 = Release|Win32
	EndGlobalSection
	GlobalSection(SolutionProperties) = preSolution
		HideSolutionNode = FALSE
	EndGlobalSection
	GlobalSection(NestedProjects) = preSolution
		{0680CE69-A201-4E70-B32A-BE4A2A069A68} = {BCFDF75B-44B0-465A-9493-511E2857484F}
		{A83CB860-9BE2-41C1-A7A4-EA33893ACB90} = {8EC02CA6-93CF-44D5-B4FC-AA67B31C54A6}
		{3E98497D-ED76-4924-AA93-5BEB6C88A74C} = {9AF451F4-E1F3-4F0B-9B92-8A80E2EE9A9F}
		{4723CBE1-502A-4F29-A74D-71544390FAD4} = {B4B7B4FC-F3DC-44A0-9A55-EF244657E166}
	EndGlobalSection
EndGlobal
